
Microsoft Visual Studio Solution File, Format Version 12.00
# Visual Studio Version 17
VisualStudioVersion = 17.9.34701.34
MinimumVisualStudioVersion = 10.0.40219.1
Project("{FAE04EC0-301F-11D3-BF4B-00C04F79EFBC}") = "KatPC.Api", "KatPC.Api\KatPC.Api.csproj", "{16DC3911-845D-44D3-AA43-DB05E2CED3AA}"
EndProject
Global
	GlobalSection(SolutionConfigurationPlatforms) = preSolution
		Debug|Any CPU = Debug|Any CPU
		Release|Any CPU = Release|Any CPU
	EndGlobalSection
	GlobalSection(ProjectConfigurationPlatforms) = postSolution
		{16DC3911-845D-44D3-AA43-DB05E2CED3AA}.Debug|Any CPU.ActiveCfg = Debug|Any CPU
		{16DC3911-845D-44D3-AA43-DB05E2CED3AA}.Debug|Any CPU.Build.0 = Debug|Any CPU
		{16DC3911-845D-44D3-AA43-DB05E2CED3AA}.Release|Any CPU.ActiveCfg = Release|Any CPU
		{16DC3911-845D-44D3-AA43-DB05E2CED3AA}.Release|Any CPU.Build.0 = Release|Any CPU
	EndGlobalSection
	GlobalSection(SolutionProperties) = preSolution
		HideSolutionNode = FALSE
	EndGlobalSection
	GlobalSection(ExtensibilityGlobals) = postSolution
		SolutionGuid = {9A171FC9-7EB8-40EE-992B-5F871EC1C5F6}
	EndGlobalSection
EndGlobal
